Microsoft Visual Studio Solution File, Format Version 12.00
# Visual Studio Version 17
VisualStudioVersion = 17.5.2.0
MinimumVisualStudioVersion = 10.0.40219.1
Project("{FAE04EC0-301F-11D3-BF4B-00C04F79EFBC}") = "PersonnummerApp", "PersonnummerApp\PersonnummerApp.csproj", "{5858F4E4-9A8C-6A5D-D852-E352FCF3F447}"
EndProject
Project("{FAE04EC0-301F-11D3-BF4B-00C04F79EFBC}") = "PersonnummerApp.Tests", "PersonnummerApp.Tests\PersonnummerApp.Tests.csproj", "{44A6DB1F-1043-38EB-02AA-B67C5966703C}"
EndProject
Global
	GlobalSection(SolutionConfigurationPlatforms) = preSolution
		Debug|Any CPU = Debug|Any CPU
		Release|Any CPU = Release|Any CPU
	EndGlobalSection
	GlobalSection(ProjectConfigurationPlatforms) = postSolution
		{5858F4E4-9A8C-6A5D-D852-E352FCF3F447}.Debug|Any CPU.ActiveCfg = Debug|Any CPU
		{5858F4E4-9A8C-6A5D-D852-E352FCF3F447}.Debug|Any CPU.Build.0 = Debug|Any CPU
		{5858F4E4-9A8C-6A5D-D852-E352FCF3F447}.Release|Any CPU.ActiveCfg = Release|Any CPU
		{5858F4E4-9A8C-6A5D-D852-E352FCF3F447}.Release|Any CPU.Build.0 = Release|Any CPU
		{44A6DB1F-1043-38EB-02AA-B67C5966703C}.Debug|Any CPU.ActiveCfg = Debug|Any CPU
		{44A6DB1F-1043-38EB-02AA-B67C5966703C}.Debug|Any CPU.Build.0 = Debug|Any CPU
		{44A6DB1F-1043-38EB-02AA-B67C5966703C}.Release|Any CPU.ActiveCfg = Release|Any CPU
		{44A6DB1F-1043-38EB-02AA-B67C5966703C}.Release|Any CPU.Build.0 = Release|Any CPU
	EndGlobalSection
	GlobalSection(SolutionProperties) = preSolution
		HideSolutionNode = FALSE
	EndGlobalSection
	GlobalSection(ExtensibilityGlobals) = postSolution
		SolutionGuid = {FD322E77-AC20-4734-A560-C960DA84B3D6}
	EndGlobalSection
EndGlobal
